<?xml version="1.0" encoding="utf-8"?>
<Project ToolsVersion="4.0" xmlns="http://schemas.microsoft.com/developer/msbuild/2003">
  <ItemGroup>
    <Filter Include="Source Files">
      <UniqueIdentifier>{4FC737F1-C7A5-4376-A066-2A32D752A2FF}</UniqueIdentifier>
      <Extensions>cpp;c;cc;cxx;def;odl;idl;hpj;bat;asm;asmx</Extensions>
    </Filter>
    <Filter Include="Header Files">
      <UniqueIdentifier>{93995380-89BD-4b04-88EB-625FBE52EBFB}</UniqueIdentifier>
      <Extensions>h;hpp;hxx;hm;inl;inc;xsd</Extensions>
    </Filter>
    <Filter Include="Resource Files">
      <UniqueIdentifier>{67DA6AB6-F800-4c08-8B7A-83BB121AAD01}</UniqueIdentifier>
      <Extensions>rc;ico;cur;bmp;dlg;rc2;rct;bin;rgs;gif;jpg;jpeg;jpe;resx;tiff;tif;png;wav;mfcribbon-ms</Extensions>
    </Filter>
    <Filter Include="Source Files\Entities">
      <UniqueIdentifier>{406e7645-0764-45f9-91fc-86f752daf114}</UniqueIdentifier>
    </Filter>
    <Filter Include="Source Files\Rooms">
      <UniqueIdentifier>{2eb831a9-5f51-4dbc-a500-ea3bee34d8e0}</UniqueIdentifier>
    </Filter>
    <Filter Include="Source Files\Main">
      <UniqueIdentifier>{786f581a-cf41-4e1b-9ef5-7b203bf8de03}</UniqueIdentifier>
    </Filter>
  </ItemGroup>
  <ItemGroup>
    <ClInclude Include="Entity.h">
      <Filter>Header Files</Filter>
    </ClInclude>
    <ClInclude Include="Player.h">
      <Filter>Header Files</Filter>
    </ClInclude>
    <ClInclude Include="StartRoom.h">
      <Filter>Header Files</Filter>
    </ClInclude>
    <ClInclude Include="EndRoom.h">
      <Filter>Header Files</Filter>
    </ClInclude>
    <ClInclude Include="StandardRoom.h">
      <Filter>Header Files</Filter>
    </ClInclude>
    <ClInclude Include="BaseRoom.h">
      <Filter>Header Files</Filter>
    </ClInclude>
    <ClInclude Include="Game.h">
      <Filter>Header Files</Filter>
    </ClInclude>
    <ClInclude Include="BossRoom.h">
      <Filter>Header Files</Filter>
    </ClInclude>
    <ClInclude Include="Skeleton.h">
      <Filter>Header Files</Filter>
    </ClInclude>
    <ClInclude Include="Zombie.h">
      <Filter>Header Files</Filter>
    </ClInclude>
    <ClInclude Include="Rat.h">
      <Filter>Header Files</Filter>
    </ClInclude>
    <ClInclude Include="Dwarf.h">
      <Filter>Header Files</Filter>
    </ClInclude>
  </ItemGroup>
  <ItemGroup>
    <ClCompile Include="Entity.cpp">
      <Filter>Source Files\Entities</Filter>
    </ClCompile>
    <ClCompile Include="Player.cpp">
      <Filter>Source Files\Entities</Filter>
    </ClCompile>
    <ClCompile Include="StartRoom.cpp">
      <Filter>Source Files\Rooms</Filter>
    </ClCompile>
    <ClCompile Include="EndRoom.cpp">
      <Filter>Source Files\Rooms</Filter>
    </ClCompile>
    <ClCompile Include="StandardRoom.cpp">
      <Filter>Source Files\Rooms</Filter>
    </ClCompile>
    <ClCompile Include="BaseRoom.cpp">
      <Filter>Source Files\Rooms</Filter>
    </ClCompile>
    <ClCompile Include="Game.cpp">
      <Filter>Source Files\Main</Filter>
    </ClCompile>
    <ClCompile Include="BossRoom.cpp">
      <Filter>Source Files\Rooms</Filter>
    </ClCompile>
    <ClCompile Include="Skeleton.cpp">
      <Filter>Source Files\Entities</Filter>
    </ClCompile>
    <ClCompile Include="Zombie.cpp">
      <Filter>Source Files\Entities</Filter>
    </ClCompile>
    <ClCompile Include="Rat.cpp">
      <Filter>Source Files</Filter>
    </ClCompile>
    <ClCompile Include="Dwarf.cpp">
      <Filter>Source Files</Filter>
    </ClCompile>
  </ItemGroup>
</Project>