<?xml version="1.0" encoding="utf-8"?>
<Project ToolsVersion="4.0" xmlns="http://schemas.microsoft.com/developer/msbuild/2003">
  <ItemGroup>
    <Filter Include="Source Files">
      <UniqueIdentifier>{4FC737F1-C7A5-4376-A066-2A32D752A2FF}</UniqueIdentifier>
      <Extensions>cpp;c;cc;cxx;def;odl;idl;hpj;bat;asm;asmx</Extensions>
    </Filter>
    <Filter Include="Header Files">
      <UniqueIdentifier>{93995380-89BD-4b04-88EB-625FBE52EBFB}</UniqueIdentifier>
      <Extensions>h;hpp;hxx;hm;inl;inc;xsd</Extensions>
    </Filter>
    <Filter Include="Resource Files">
      <UniqueIdentifier>{67DA6AB6-F800-4c08-8B7A-83BB121AAD01}</UniqueIdentifier>
      <Extensions>rc;ico;cur;bmp;dlg;rc2;rct;bin;rgs;gif;jpg;jpeg;jpe;resx;tiff;tif;png;wav;mfcribbon-ms</Extensions>
    </Filter>
    <Filter Include="Source Files\Entities">
      <UniqueIdentifier>{406e7645-0764-45f9-91fc-86f752daf114}</UniqueIdentifier>
    </Filter>
    <Filter Include="Source Files\Rooms">
      <UniqueIdentifier>{2eb831a9-5f51-4dbc-a500-ea3bee34d8e0}</UniqueIdentifier>
    </Filter>
    <Filter Include="Source Files\Main">
      <UniqueIdentifier>{786f581a-cf41-4e1b-9ef5-7b203bf8de03}</UniqueIdentifier>
    </Filter>
    <Filter Include="Source Files\Items">
      <UniqueIdentifier>{ca84505a-09f4-4358-b3e4-42809e1ba490}</UniqueIdentifier>
    </Filter>
    <Filter Include="Header Files\Items">
      <UniqueIdentifier>{66757477-f902-46c0-8485-4b953d245fd3}</UniqueIdentifier>
    </Filter>
    <Filter Include="Header Files\Rooms">
      <UniqueIdentifier>{d6b68447-9e6c-4a73-9957-52b837ad6cc2}</UniqueIdentifier>
    </Filter>
    <Filter Include="Header Files\Entities">
      <UniqueIdentifier>{3ba4c477-6146-48a0-b94c-886e13f9fbef}</UniqueIdentifier>
    </Filter>
    <Filter Include="Header Files\Main">
      <UniqueIdentifier>{a48c18c0-3b81-4a6a-ae2c-01be8cf3e4f8}</UniqueIdentifier>
    </Filter>
  </ItemGroup>
  <ItemGroup>
    <ClInclude Include="BaseArmour.h">
      <Filter>Header Files\Items</Filter>
    </ClInclude>
    <ClInclude Include="BaseItem.h">
      <Filter>Header Files\Items</Filter>
    </ClInclude>
    <ClInclude Include="Weapon.h">
      <Filter>Header Files\Items</Filter>
    </ClInclude>
    <ClInclude Include="Shield.h">
      <Filter>Header Files\Items</Filter>
    </ClInclude>
    <ClInclude Include="Platelegs.h">
      <Filter>Header Files\Items</Filter>
    </ClInclude>
    <ClInclude Include="Platebody.h">
      <Filter>Header Files\Items</Filter>
    </ClInclude>
    <ClInclude Include="Helmet.h">
      <Filter>Header Files\Items</Filter>
    </ClInclude>
    <ClInclude Include="Gold.h">
      <Filter>Header Files\Items</Filter>
    </ClInclude>
    <ClInclude Include="BaseRoom.h">
      <Filter>Header Files\Rooms</Filter>
    </ClInclude>
    <ClInclude Include="BossRoom.h">
      <Filter>Header Files\Rooms</Filter>
    </ClInclude>
    <ClInclude Include="EndRoom.h">
      <Filter>Header Files\Rooms</Filter>
    </ClInclude>
    <ClInclude Include="StandardRoom.h">
      <Filter>Header Files\Rooms</Filter>
    </ClInclude>
    <ClInclude Include="StartRoom.h">
      <Filter>Header Files\Rooms</Filter>
    </ClInclude>
    <ClInclude Include="Zombie.h">
      <Filter>Header Files\Entities</Filter>
    </ClInclude>
    <ClInclude Include="Skeleton.h">
      <Filter>Header Files\Entities</Filter>
    </ClInclude>
    <ClInclude Include="Rat.h">
      <Filter>Header Files\Entities</Filter>
    </ClInclude>
    <ClInclude Include="Player.h">
      <Filter>Header Files\Entities</Filter>
    </ClInclude>
    <ClInclude Include="BaseEntity.h">
      <Filter>Header Files\Entities</Filter>
    </ClInclude>
    <ClInclude Include="Boss.h">
      <Filter>Header Files\Entities</Filter>
    </ClInclude>
    <ClInclude Include="Dwarf.h">
      <Filter>Header Files\Entities</Filter>
    </ClInclude>
    <ClInclude Include="Game.h">
      <Filter>Header Files\Main</Filter>
    </ClInclude>
    <ClInclude Include="BaseWeapon.h">
      <Filter>Header Files\Items</Filter>
    </ClInclude>
  </ItemGroup>
  <ItemGroup>
    <ClCompile Include="Entity.cpp">
      <Filter>Source Files\Entities</Filter>
    </ClCompile>
    <ClCompile Include="Player.cpp">
      <Filter>Source Files\Entities</Filter>
    </ClCompile>
    <ClCompile Include="StartRoom.cpp">
      <Filter>Source Files\Rooms</Filter>
    </ClCompile>
    <ClCompile Include="EndRoom.cpp">
      <Filter>Source Files\Rooms</Filter>
    </ClCompile>
    <ClCompile Include="StandardRoom.cpp">
      <Filter>Source Files\Rooms</Filter>
    </ClCompile>
    <ClCompile Include="BaseRoom.cpp">
      <Filter>Source Files\Rooms</Filter>
    </ClCompile>
    <ClCompile Include="Game.cpp">
      <Filter>Source Files\Main</Filter>
    </ClCompile>
    <ClCompile Include="BossRoom.cpp">
      <Filter>Source Files\Rooms</Filter>
    </ClCompile>
    <ClCompile Include="Skeleton.cpp">
      <Filter>Source Files\Entities</Filter>
    </ClCompile>
    <ClCompile Include="Zombie.cpp">
      <Filter>Source Files\Entities</Filter>
    </ClCompile>
    <ClCompile Include="Rat.cpp">
      <Filter>Source Files\Entities</Filter>
    </ClCompile>
    <ClCompile Include="Dwarf.cpp">
      <Filter>Source Files\Entities</Filter>
    </ClCompile>
    <ClCompile Include="Boss.cpp">
      <Filter>Source Files\Entities</Filter>
    </ClCompile>
    <ClCompile Include="BaseItem.cpp">
      <Filter>Source Files\Items</Filter>
    </ClCompile>
    <ClCompile Include="Gold.cpp">
      <Filter>Source Files\Items</Filter>
    </ClCompile>
    <ClCompile Include="Helmet.cpp">
      <Filter>Source Files\Items</Filter>
    </ClCompile>
    <ClCompile Include="Platebody.cpp">
      <Filter>Source Files\Items</Filter>
    </ClCompile>
    <ClCompile Include="Platelegs.cpp">
      <Filter>Source Files\Items</Filter>
    </ClCompile>
    <ClCompile Include="Shield.cpp">
      <Filter>Source Files\Items</Filter>
    </ClCompile>
    <ClCompile Include="BaseArmour.cpp">
      <Filter>Source Files\Items</Filter>
    </ClCompile>
    <ClCompile Include="Weapon.cpp">
      <Filter>Source Files\Items</Filter>
    </ClCompile>
    <ClCompile Include="BaseWeapon.cpp">
      <Filter>Source Files\Items</Filter>
    </ClCompile>
  </ItemGroup>
  <ItemGroup>
    <ResourceCompile Include="WorldOfRogues.rc">
      <Filter>Resource Files</Filter>
    </ResourceCompile>
  </ItemGroup>
</Project>